{
  "name": "notes-app-ext-billing",
  "version": "1.0.0",
  "lockfileVersion": 1,
  "requires": true,
  "dependencies": {
    "qs": {
      "version": "6.9.0",
      "resolved": "https://registry.npmjs.org/qs/-/qs-6.9.0.tgz",
      "integrity": "sha512-27RP4UotQORTpmNQDX8BHPukOnBP3p1uUJY5UnDhaJB+rMt9iMsok724XL+UHU23bEFOHRMQ2ZhI99qOWUMGFA=="
    },
    "stripe": {
      "version": "7.9.1",
      "resolved": "https://registry.npmjs.org/stripe/-/stripe-7.9.1.tgz",
      "integrity": "sha512-8RzWlQD2/X/1YdzHtd5PYG0/GyAicxddW0TL54SIFq2ivaDoeJg3YLn9rxcmrnkmmuW8aU7yeByKjNGI8QrVxw==",
      "requires": {
        "qs": "^6.6.0"
      }
    }
  }
}
